// !$*UTF8*$!
{
	archiveVersion = 1;
	classes = {
	};
	objectVersion = 56;
	objects = {

/* Begin PBXBuildFile section */
		BA119A2D2A8310C3009CA519 /* CabecalhoView.xib in Resources */ = {isa = PBXBuildFile; fileRef = BA119A2C2A8310C3009CA519 /* CabecalhoView.xib */; };
		BA119A2F2A831488009CA519 /* CabecalhoView.swift in Sources */ = {isa = PBXBuildFile; fileRef = BA119A2E2A831488009CA519 /* CabecalhoView.swift */; };
		BA119A382A8351E2009CA519 /* ViagemTableViewCell.swift in Sources */ = {isa = PBXBuildFile; fileRef = BA119A362A8351E2009CA519 /* ViagemTableViewCell.swift */; };
		BA119A392A8351E2009CA519 /* ViagemTableViewCell.xib in Resources */ = {isa = PBXBuildFile; fileRef = BA119A372A8351E2009CA519 /* ViagemTableViewCell.xib */; };
		BA2453082A846AD1000D89F5 /* ViagemViewModel.swift in Sources */ = {isa = PBXBuildFile; fileRef = BA2453072A846AD1000D89F5 /* ViagemViewModel.swift */; };
		BA24530A2A846B93000D89F5 /* ViagemDestaqueViewModel.swift in Sources */ = {isa = PBXBuildFile; fileRef = BA2453092A846B93000D89F5 /* ViagemDestaqueViewModel.swift */; };
		BAAE28322A82048D009067C8 /* AppDelegate.swift in Sources */ = {isa = PBXBuildFile; fileRef = BAAE28312A82048D009067C8 /* AppDelegate.swift */; };
		BAAE28342A82048D009067C8 /* SceneDelegate.swift in Sources */ = {isa = PBXBuildFile; fileRef = BAAE28332A82048D009067C8 /* SceneDelegate.swift */; };
		BAAE28362A82048D009067C8 /* ViewController.swift in Sources */ = {isa = PBXBuildFile; fileRef = BAAE28352A82048D009067C8 /* ViewController.swift */; };
		BAAE28392A82048D009067C8 /* Main.storyboard in Resources */ = {isa = PBXBuildFile; fileRef = BAAE28372A82048D009067C8 /* Main.storyboard */; };
		BAAE283B2A82048E009067C8 /* Assets.xcassets in Resources */ = {isa = PBXBuildFile; fileRef = BAAE283A2A82048E009067C8 /* Assets.xcassets */; };
		BAAE283E2A82048E009067C8 /* LaunchScreen.storyboard in Resources */ = {isa = PBXBuildFile; fileRef = BAAE283C2A82048E009067C8 /* LaunchScreen.storyboard */; };
		BAE98BB12A8AFA29000433DE /* Viagem.swift in Sources */ = {isa = PBXBuildFile; fileRef = BAE98BB02A8AFA29000433DE /* Viagem.swift */; };
		BAE98BB42A8AFA3E000433DE /* DecodableData.swift in Sources */ = {isa = PBXBuildFile; fileRef = BAE98BB22A8AFA3D000433DE /* DecodableData.swift */; };
		BAE98BB52A8AFA3E000433DE /* TiposDeViagens.swift in Sources */ = {isa = PBXBuildFile; fileRef = BAE98BB32A8AFA3E000433DE /* TiposDeViagens.swift */; };
		BAE98BB72A8AFA50000433DE /* UIView+Extension.swift in Sources */ = {isa = PBXBuildFile; fileRef = BAE98BB62A8AFA50000433DE /* UIView+Extension.swift */; };
		BAE98BB92A8AFA5D000433DE /* server-response.json in Resources */ = {isa = PBXBuildFile; fileRef = BAE98BB82A8AFA5D000433DE /* server-response.json */; };
		BAE98BBD2A8AFD10000433DE /* OfertaTableViewCell.swift in Sources */ = {isa = PBXBuildFile; fileRef = BAE98BBB2A8AFD10000433DE /* OfertaTableViewCell.swift */; };
		BAE98BBE2A8AFD10000433DE /* OfertaTableViewCell.xib in Resources */ = {isa = PBXBuildFile; fileRef = BAE98BBC2A8AFD10000433DE /* OfertaTableViewCell.xib */; };
		BAE98BC02A8AFDF6000433DE /* ViagemOfertaViewModel.swift in Sources */ = {isa = PBXBuildFile; fileRef = BAE98BBF2A8AFDF6000433DE /* ViagemOfertaViewModel.swift */; };
/* End PBXBuildFile section */

/* Begin PBXFileReference section */
		BA119A2C2A8310C3009CA519 /* CabecalhoView.xib */ = {isa = PBXFileReference; lastKnownFileType = file.xib; path = CabecalhoView.xib; sourceTree = "<group>"; };
		BA119A2E2A831488009CA519 /* CabecalhoView.swift */ = {isa = PBXFileReference; lastKnownFileType = sourcecode.swift; path = CabecalhoView.swift; sourceTree = "<group>"; };
		BA119A362A8351E2009CA519 /* ViagemTableViewCell.swift */ = {isa = PBXFileReference; lastKnownFileType = sourcecode.swift; path = ViagemTableViewCell.swift; sourceTree = "<group>"; };
		BA119A372A8351E2009CA519 /* ViagemTableViewCell.xib */ = {isa = PBXFileReference; lastKnownFileType = file.xib; path = ViagemTableViewCell.xib; sourceTree = "<group>"; };
		BA2453072A846AD1000D89F5 /* ViagemViewModel.swift */ = {isa = PBXFileReference; lastKnownFileType = sourcecode.swift; path = ViagemViewModel.swift; sourceTree = "<group>"; };
		BA2453092A846B93000D89F5 /* ViagemDestaqueViewModel.swift */ = {isa = PBXFileReference; lastKnownFileType = sourcecode.swift; path = ViagemDestaqueViewModel.swift; sourceTree = "<group>"; };
		BAAE282E2A82048D009067C8 /* AluraViagens.app */ = {isa = PBXFileReference; explicitFileType = wrapper.application; includeInIndex = 0; path = AluraViagens.app; sourceTree = BUILT_PRODUCTS_DIR; };
		BAAE28312A82048D009067C8 /* AppDelegate.swift */ = {isa = PBXFileReference; lastKnownFileType = sourcecode.swift; path = AppDelegate.swift; sourceTree = "<group>"; };
		BAAE28332A82048D009067C8 /* SceneDelegate.swift */ = {isa = PBXFileReference; lastKnownFileType = sourcecode.swift; path = SceneDelegate.swift; sourceTree = "<group>"; };
		BAAE28352A82048D009067C8 /* ViewController.swift */ = {isa = PBXFileReference; lastKnownFileType = sourcecode.swift; path = ViewController.swift; sourceTree = "<group>"; };
		BAAE28382A82048D009067C8 /* Base */ = {isa = PBXFileReference; lastKnownFileType = file.storyboard; name = Base; path = Base.lproj/Main.storyboard; sourceTree = "<group>"; };
		BAAE283A2A82048E009067C8 /* Assets.xcassets */ = {isa = PBXFileReference; lastKnownFileType = folder.assetcatalog; path = Assets.xcassets; sourceTree = "<group>"; };
		BAAE283D2A82048E009067C8 /* Base */ = {isa = PBXFileReference; lastKnownFileType = file.storyboard; name = Base; path = Base.lproj/LaunchScreen.storyboard; sourceTree = "<group>"; };
		BAAE283F2A82048E009067C8 /* Info.plist */ = {isa = PBXFileReference; lastKnownFileType = text.plist.xml; path = Info.plist; sourceTree = "<group>"; };
		BAE98BB02A8AFA29000433DE /* Viagem.swift */ = {isa = PBXFileReference; fileEncoding = 4; lastKnownFileType = sourcecode.swift; name = Viagem.swift; path = "../../../../../../../Downloads/alura-viagens-parte-II-ddb2e8421694f8fcf12dfe96c6886c0204b4b611/arquivos/Viagem.swift"; sourceTree = "<group>"; };
		BAE98BB22A8AFA3D000433DE /* DecodableData.swift */ = {isa = PBXFileReference; fileEncoding = 4; lastKnownFileType = sourcecode.swift; name = DecodableData.swift; path = "../../../../../../../Downloads/alura-viagens-parte-II-ddb2e8421694f8fcf12dfe96c6886c0204b4b611/arquivos/DecodableData.swift"; sourceTree = "<group>"; };
		BAE98BB32A8AFA3E000433DE /* TiposDeViagens.swift */ = {isa = PBXFileReference; fileEncoding = 4; lastKnownFileType = sourcecode.swift; name = TiposDeViagens.swift; path = "../../../../../../../Downloads/alura-viagens-parte-II-ddb2e8421694f8fcf12dfe96c6886c0204b4b611/arquivos/TiposDeViagens.swift"; sourceTree = "<group>"; };
		BAE98BB62A8AFA50000433DE /* UIView+Extension.swift */ = {isa = PBXFileReference; fileEncoding = 4; lastKnownFileType = sourcecode.swift; name = "UIView+Extension.swift"; path = "../../../../../../../Downloads/alura-viagens-parte-II-ddb2e8421694f8fcf12dfe96c6886c0204b4b611/arquivos/UIView+Extension.swift"; sourceTree = "<group>"; };
		BAE98BB82A8AFA5D000433DE /* server-response.json */ = {isa = PBXFileReference; fileEncoding = 4; lastKnownFileType = text.json; name = "server-response.json"; path = "../../../../../../../Downloads/alura-viagens-parte-II-ddb2e8421694f8fcf12dfe96c6886c0204b4b611/arquivos/server-response.json"; sourceTree = "<group>"; };
		BAE98BBB2A8AFD10000433DE /* OfertaTableViewCell.swift */ = {isa = PBXFileReference; lastKnownFileType = sourcecode.swift; path = OfertaTableViewCell.swift; sourceTree = "<group>"; };
		BAE98BBC2A8AFD10000433DE /* OfertaTableViewCell.xib */ = {isa = PBXFileReference; lastKnownFileType = file.xib; path = OfertaTableViewCell.xib; sourceTree = "<group>"; };
		BAE98BBF2A8AFDF6000433DE /* ViagemOfertaViewModel.swift */ = {isa = PBXFileReference; lastKnownFileType = sourcecode.swift; path = ViagemOfertaViewModel.swift; sourceTree = "<group>"; };
/* End PBXFileReference section */

/* Begin PBXFrameworksBuildPhase section */
		BAAE282B2A82048D009067C8 /* Frameworks */ = {
			isa = PBXFrameworksBuildPhase;
			buildActionMask = 2147483647;
			files = (
			);
			runOnlyForDeploymentPostprocessing = 0;
		};
/* End PBXFrameworksBuildPhase section */

/* Begin PBXGroup section */
		BA119A302A83368F009CA519 /* AppDelegate */ = {
			isa = PBXGroup;
			children = (
				BAAE28312A82048D009067C8 /* AppDelegate.swift */,
				BAAE28332A82048D009067C8 /* SceneDelegate.swift */,
			);
			path = AppDelegate;
			sourceTree = "<group>";
		};
		BA119A312A8336C0009CA519 /* Model */ = {
			isa = PBXGroup;
			children = (
				BAE98BB22A8AFA3D000433DE /* DecodableData.swift */,
				BAE98BB32A8AFA3E000433DE /* TiposDeViagens.swift */,
				BAE98BB02A8AFA29000433DE /* Viagem.swift */,
			);
			path = Model;
			sourceTree = "<group>";
		};
		BA119A322A8336D5009CA519 /* View */ = {
			isa = PBXGroup;
			children = (
				BAE98BBA2A8AFCE9000433DE /* Oferta */,
				BA119A352A8351BB009CA519 /* Viagem */,
				BA119A332A8336FB009CA519 /* Cabecalho */,
				BAAE28352A82048D009067C8 /* ViewController.swift */,
				BAAE28372A82048D009067C8 /* Main.storyboard */,
			);
			path = View;
			sourceTree = "<group>";
		};
		BA119A332A8336FB009CA519 /* Cabecalho */ = {
			isa = PBXGroup;
			children = (
				BA119A2C2A8310C3009CA519 /* CabecalhoView.xib */,
				BA119A2E2A831488009CA519 /* CabecalhoView.swift */,
			);
			path = Cabecalho;
			sourceTree = "<group>";
		};
		BA119A342A833716009CA519 /* ViewModel */ = {
			isa = PBXGroup;
			children = (
				BA2453072A846AD1000D89F5 /* ViagemViewModel.swift */,
				BA2453092A846B93000D89F5 /* ViagemDestaqueViewModel.swift */,
				BAE98BBF2A8AFDF6000433DE /* ViagemOfertaViewModel.swift */,
			);
			path = ViewModel;
			sourceTree = "<group>";
		};
		BA119A352A8351BB009CA519 /* Viagem */ = {
			isa = PBXGroup;
			children = (
				BA119A362A8351E2009CA519 /* ViagemTableViewCell.swift */,
				BA119A372A8351E2009CA519 /* ViagemTableViewCell.xib */,
			);
			path = Viagem;
			sourceTree = "<group>";
		};
		BA2452FB2A846A0D000D89F5 /* Mock */ = {
			isa = PBXGroup;
			children = (
				BAE98BB82A8AFA5D000433DE /* server-response.json */,
			);
			path = Mock;
			sourceTree = "<group>";
		};
		BA2453042A846A5D000D89F5 /* Extensions */ = {
			isa = PBXGroup;
			children = (
				BAE98BB62A8AFA50000433DE /* UIView+Extension.swift */,
			);
			path = Extensions;
			sourceTree = "<group>";
		};
		BAAE28252A82048D009067C8 = {
			isa = PBXGroup;
			children = (
				BAAE28302A82048D009067C8 /* AluraViagens */,
				BAAE282F2A82048D009067C8 /* Products */,
			);
			sourceTree = "<group>";
		};
		BAAE282F2A82048D009067C8 /* Products */ = {
			isa = PBXGroup;
			children = (
				BAAE282E2A82048D009067C8 /* AluraViagens.app */,
			);
			name = Products;
			sourceTree = "<group>";
		};
		BAAE28302A82048D009067C8 /* AluraViagens */ = {
			isa = PBXGroup;
			children = (
				BA119A302A83368F009CA519 /* AppDelegate */,
				BA119A312A8336C0009CA519 /* Model */,
				BA119A322A8336D5009CA519 /* View */,
				BA119A342A833716009CA519 /* ViewModel */,
				BA2453042A846A5D000D89F5 /* Extensions */,
				BAAE283A2A82048E009067C8 /* Assets.xcassets */,
				BA2452FB2A846A0D000D89F5 /* Mock */,
				BAAE283C2A82048E009067C8 /* LaunchScreen.storyboard */,
				BAAE283F2A82048E009067C8 /* Info.plist */,
			);
			path = AluraViagens;
			sourceTree = "<group>";
		};
		BAE98BBA2A8AFCE9000433DE /* Oferta */ = {
			isa = PBXGroup;
			children = (
				BAE98BBB2A8AFD10000433DE /* OfertaTableViewCell.swift */,
				BAE98BBC2A8AFD10000433DE /* OfertaTableViewCell.xib */,
			);
			path = Oferta;
			sourceTree = "<group>";
		};
/* End PBXGroup section */

/* Begin PBXNativeTarget section */
		BAAE282D2A82048D009067C8 /* AluraViagens */ = {
			isa = PBXNativeTarget;
			buildConfigurationList = BAAE28422A82048E009067C8 /* Build configuration list for PBXNativeTarget "AluraViagens" */;
			buildPhases = (
				BAAE282A2A82048D009067C8 /* Sources */,
				BAAE282B2A82048D009067C8 /* Frameworks */,
				BAAE282C2A82048D009067C8 /* Resources */,
			);
			buildRules = (
			);
			dependencies = (
			);
			name = AluraViagens;
			productName = AluraViagens;
			productReference = BAAE282E2A82048D009067C8 /* AluraViagens.app */;
			productType = "com.apple.product-type.application";
		};
/* End PBXNativeTarget section */

/* Begin PBXProject section */
		BAAE28262A82048D009067C8 /* Project object */ = {
			isa = PBXProject;
			attributes = {
				BuildIndependentTargetsInParallel = 1;
				LastSwiftUpdateCheck = 1430;
				LastUpgradeCheck = 1430;
				TargetAttributes = {
					BAAE282D2A82048D009067C8 = {
						CreatedOnToolsVersion = 14.3.1;
					};
				};
			};
			buildConfigurationList = BAAE28292A82048D009067C8 /* Build configuration list for PBXProject "AluraViagens" */;
			compatibilityVersion = "Xcode 14.0";
			developmentRegion = en;
			hasScannedForEncodings = 0;
			knownRegions = (
				en,
				Base,
			);
			mainGroup = BAAE28252A82048D009067C8;
			productRefGroup = BAAE282F2A82048D009067C8 /* Products */;
			projectDirPath = "";
			projectRoot = "";
			targets = (
				BAAE282D2A82048D009067C8 /* AluraViagens */,
			);
		};
/* End PBXProject section */

/* Begin PBXResourcesBuildPhase section */
		BAAE282C2A82048D009067C8 /* Resources */ = {
			isa = PBXResourcesBuildPhase;
			buildActionMask = 2147483647;
			files = (
				BAE98BB92A8AFA5D000433DE /* server-response.json in Resources */,
				BAAE283E2A82048E009067C8 /* LaunchScreen.storyboard in Resources */,
				BAAE283B2A82048E009067C8 /* Assets.xcassets in Resources */,
				BAAE28392A82048D009067C8 /* Main.storyboard in Resources */,
				BA119A2D2A8310C3009CA519 /* CabecalhoView.xib in Resources */,
				BA119A392A8351E2009CA519 /* ViagemTableViewCell.xib in Resources */,
				BAE98BBE2A8AFD10000433DE /* OfertaTableViewCell.xib in Resources */,
			);
			runOnlyForDeploymentPostprocessing = 0;
		};
/* End PBXResourcesBuildPhase section */

/* Begin PBXSourcesBuildPhase section */
		BAAE282A2A82048D009067C8 /* Sources */ = {
			isa = PBXSourcesBuildPhase;
			buildActionMask = 2147483647;
			files = (
				BAE98BB52A8AFA3E000433DE /* TiposDeViagens.swift in Sources */,
				BAAE28362A82048D009067C8 /* ViewController.swift in Sources */,
				BA119A382A8351E2009CA519 /* ViagemTableViewCell.swift in Sources */,
				BAE98BB42A8AFA3E000433DE /* DecodableData.swift in Sources */,
				BAE98BC02A8AFDF6000433DE /* ViagemOfertaViewModel.swift in Sources */,
				BAE98BBD2A8AFD10000433DE /* OfertaTableViewCell.swift in Sources */,
				BAE98BB12A8AFA29000433DE /* Viagem.swift in Sources */,
				BAE98BB72A8AFA50000433DE /* UIView+Extension.swift in Sources */,
				BAAE28322A82048D009067C8 /* AppDelegate.swift in Sources */,
				BAAE28342A82048D009067C8 /* SceneDelegate.swift in Sources */,
				BA119A2F2A831488009CA519 /* CabecalhoView.swift in Sources */,
				BA2453082A846AD1000D89F5 /* ViagemViewModel.swift in Sources */,
				BA24530A2A846B93000D89F5 /* ViagemDestaqueViewModel.swift in Sources */,
			);
			runOnlyForDeploymentPostprocessing = 0;
		};
/* End PBXSourcesBuildPhase section */

/* Begin PBXVariantGroup section */
		BAAE28372A82048D009067C8 /* Main.storyboard */ = {
			isa = PBXVariantGroup;
			children = (
				BAAE28382A82048D009067C8 /* Base */,
			);
			name = Main.storyboard;
			sourceTree = "<group>";
		};
		BAAE283C2A82048E009067C8 /* LaunchScreen.storyboard */ = {
			isa = PBXVariantGroup;
			children = (
				BAAE283D2A82048E009067C8 /* Base */,
			);
			name = LaunchScreen.storyboard;
			sourceTree = "<group>";
		};
/* End PBXVariantGroup section */

/* Begin XCBuildConfiguration section */
		BAAE28402A82048E009067C8 /* Debug */ = {
			isa = XCBuildConfiguration;
			buildSettings = {
				ALWAYS_SEARCH_USER_PATHS = NO;
				CLANG_ANALYZER_NONNULL = YES;
				CLANG_ANALYZER_NUMBER_OBJECT_CONVERSION = YES_AGGRESSIVE;
				CLANG_CXX_LANGUAGE_STANDARD = "gnu++20";
				CLANG_ENABLE_MODULES = YES;
				CLANG_ENABLE_OBJC_ARC = YES;
				CLANG_ENABLE_OBJC_WEAK = YES;
				CLANG_WARN_BLOCK_CAPTURE_AUTORELEASING = YES;
				CLANG_WARN_BOOL_CONVERSION = YES;
				CLANG_WARN_COMMA = YES;
				CLANG_WARN_CONSTANT_CONVERSION = YES;
				CLANG_WARN_DEPRECATED_OBJC_IMPLEMENTATIONS = YES;
				CLANG_WARN_DIRECT_OBJC_ISA_USAGE = YES_ERROR;
				CLANG_WARN_DOCUMENTATION_COMMENTS = YES;
				CLANG_WARN_EMPTY_BODY = YES;
				CLANG_WARN_ENUM_CONVERSION = YES;
				CLANG_WARN_INFINITE_RECURSION = YES;
				CLANG_WARN_INT_CONVERSION = YES;
				CLANG_WARN_NON_LITERAL_NULL_CONVERSION = YES;
				CLANG_WARN_OBJC_IMPLICIT_RETAIN_SELF = YES;
				CLANG_WARN_OBJC_LITERAL_CONVERSION = YES;
				CLANG_WARN_OBJC_ROOT_CLASS = YES_ERROR;
				CLANG_WARN_QUOTED_INCLUDE_IN_FRAMEWORK_HEADER = YES;
				CLANG_WARN_RANGE_LOOP_ANALYSIS = YES;
				CLANG_WARN_STRICT_PROTOTYPES = YES;
				CLANG_WARN_SUSPICIOUS_MOVE = YES;
				CLANG_WARN_UNGUARDED_AVAILABILITY = YES_AGGRESSIVE;
				CLANG_WARN_UNREACHABLE_CODE = YES;
				CLANG_WARN__DUPLICATE_METHOD_MATCH = YES;
				COPY_PHASE_STRIP = NO;
				DEBUG_INFORMATION_FORMAT = dwarf;
				ENABLE_STRICT_OBJC_MSGSEND = YES;
				ENABLE_TESTABILITY = YES;
				GCC_C_LANGUAGE_STANDARD = gnu11;
				GCC_DYNAMIC_NO_PIC = NO;
				GCC_NO_COMMON_BLOCKS = YES;
				GCC_OPTIMIZATION_LEVEL = 0;
				GCC_PREPROCESSOR_DEFINITIONS = (
					"DEBUG=1",
					"$(inherited)",
				);
				GCC_WARN_64_TO_32_BIT_CONVERSION = YES;
				GCC_WARN_ABOUT_RETURN_TYPE = YES_ERROR;
				GCC_WARN_UNDECLARED_SELECTOR = YES;
				GCC_WARN_UNINITIALIZED_AUTOS = YES_AGGRESSIVE;
				GCC_WARN_UNUSED_FUNCTION = YES;
				GCC_WARN_UNUSED_VARIABLE = YES;
				IPHONEOS_DEPLOYMENT_TARGET = 16.4;
				MTL_ENABLE_DEBUG_INFO = INCLUDE_SOURCE;
				MTL_FAST_MATH = YES;
				ONLY_ACTIVE_ARCH = YES;
				SDKROOT = iphoneos;
				SWIFT_ACTIVE_COMPILATION_CONDITIONS = DEBUG;
				SWIFT_OPTIMIZATION_LEVEL = "-Onone";
			};
			name = Debug;
		};
		BAAE28412A82048E009067C8 /* Release */ = {
			isa = XCBuildConfiguration;
			buildSettings = {
				ALWAYS_SEARCH_USER_PATHS = NO;
				CLANG_ANALYZER_NONNULL = YES;
				CLANG_ANALYZER_NUMBER_OBJECT_CONVERSION = YES_AGGRESSIVE;
				CLANG_CXX_LANGUAGE_STANDARD = "gnu++20";
				CLANG_ENABLE_MODULES = YES;
				CLANG_ENABLE_OBJC_ARC = YES;
				CLANG_ENABLE_OBJC_WEAK = YES;
				CLANG_WARN_BLOCK_CAPTURE_AUTORELEASING = YES;
				CLANG_WARN_BOOL_CONVERSION = YES;
				CLANG_WARN_COMMA = YES;
				CLANG_WARN_CONSTANT_CONVERSION = YES;
				CLANG_WARN_DEPRECATED_OBJC_IMPLEMENTATIONS = YES;
				CLANG_WARN_DIRECT_OBJC_ISA_USAGE = YES_ERROR;
				CLANG_WARN_DOCUMENTATION_COMMENTS = YES;
				CLANG_WARN_EMPTY_BODY = YES;
				CLANG_WARN_ENUM_CONVERSION = YES;
				CLANG_WARN_INFINITE_RECURSION = YES;
				CLANG_WARN_INT_CONVERSION = YES;
				CLANG_WARN_NON_LITERAL_NULL_CONVERSION = YES;
				CLANG_WARN_OBJC_IMPLICIT_RETAIN_SELF = YES;
				CLANG_WARN_OBJC_LITERAL_CONVERSION = YES;
				CLANG_WARN_OBJC_ROOT_CLASS = YES_ERROR;
				CLANG_WARN_QUOTED_INCLUDE_IN_FRAMEWORK_HEADER = YES;
				CLANG_WARN_RANGE_LOOP_ANALYSIS = YES;
				CLANG_WARN_STRICT_PROTOTYPES = YES;
				CLANG_WARN_SUSPICIOUS_MOVE = YES;
				CLANG_WARN_UNGUARDED_AVAILABILITY = YES_AGGRESSIVE;
				CLANG_WARN_UNREACHABLE_CODE = YES;
				CLANG_WARN__DUPLICATE_METHOD_MATCH = YES;
				COPY_PHASE_STRIP = NO;
				DEBUG_INFORMATION_FORMAT = "dwarf-with-dsym";
				ENABLE_NS_ASSERTIONS = NO;
				ENABLE_STRICT_OBJC_MSGSEND = YES;
				GCC_C_LANGUAGE_STANDARD = gnu11;
				GCC_NO_COMMON_BLOCKS = YES;
				GCC_WARN_64_TO_32_BIT_CONVERSION = YES;
				GCC_WARN_ABOUT_RETURN_TYPE = YES_ERROR;
				GCC_WARN_UNDECLARED_SELECTOR = YES;
				GCC_WARN_UNINITIALIZED_AUTOS = YES_AGGRESSIVE;
				GCC_WARN_UNUSED_FUNCTION = YES;
				GCC_WARN_UNUSED_VARIABLE = YES;
				IPHONEOS_DEPLOYMENT_TARGET = 16.4;
				MTL_ENABLE_DEBUG_INFO = NO;
				MTL_FAST_MATH = YES;
				SDKROOT = iphoneos;
				SWIFT_COMPILATION_MODE = wholemodule;
				SWIFT_OPTIMIZATION_LEVEL = "-O";
				VALIDATE_PRODUCT = YES;
			};
			name = Release;
		};
		BAAE28432A82048E009067C8 /* Debug */ = {
			isa = XCBuildConfiguration;
			buildSettings = {
				ASSETCATALOG_COMPILER_APPICON_NAME = AppIcon;
				ASSETCATALOG_COMPILER_GLOBAL_ACCENT_COLOR_NAME = AccentColor;
				CODE_SIGN_STYLE = Automatic;
				CURRENT_PROJECT_VERSION = 1;
				DEVELOPMENT_TEAM = 3YFY8L6P9F;
				GENERATE_INFOPLIST_FILE = YES;
				INFOPLIST_FILE = AluraViagens/Info.plist;
				INFOPLIST_KEY_UIApplicationSupportsIndirectInputEvents = YES;
				INFOPLIST_KEY_UILaunchStoryboardName = LaunchScreen;
				INFOPLIST_KEY_UIMainStoryboardFile = Main;
				INFOPLIST_KEY_UISupportedInterfaceOrientations_iPad = "UIInterfaceOrientationPortrait UIInterfaceOrientationPortraitUpsideDown UIInterfaceOrientationLandscapeLeft UIInterfaceOrientationLandscapeRight";
				INFOPLIST_KEY_UISupportedInterfaceOrientations_iPhone = "UIInterfaceOrientationPortrait UIInterfaceOrientationLandscapeLeft UIInterfaceOrientationLandscapeRight";
				LD_RUNPATH_SEARCH_PATHS = (
					"$(inherited)",
					"@executable_path/Frameworks",
				);
				MARKETING_VERSION = 1.0;
				PRODUCT_BUNDLE_IDENTIFIER = br.com.AluraViagens;
				PRODUCT_NAME = "$(TARGET_NAME)";
				SWIFT_EMIT_LOC_STRINGS = YES;
				SWIFT_VERSION = 5.0;
				TARGETED_DEVICE_FAMILY = "1,2";
			};
			name = Debug;
		};
		BAAE28442A82048E009067C8 /* Release */ = {
			isa = XCBuildConfiguration;
			buildSettings = {
				ASSETCATALOG_COMPILER_APPICON_NAME = AppIcon;
				ASSETCATALOG_COMPILER_GLOBAL_ACCENT_COLOR_NAME = AccentColor;
				CODE_SIGN_STYLE = Automatic;
				CURRENT_PROJECT_VERSION = 1;
				DEVELOPMENT_TEAM = 3YFY8L6P9F;
				GENERATE_INFOPLIST_FILE = YES;
				INFOPLIST_FILE = AluraViagens/Info.plist;
				INFOPLIST_KEY_UIApplicationSupportsIndirectInputEvents = YES;
				INFOPLIST_KEY_UILaunchStoryboardName = LaunchScreen;
				INFOPLIST_KEY_UIMainStoryboardFile = Main;
				INFOPLIST_KEY_UISupportedInterfaceOrientations_iPad = "UIInterfaceOrientationPortrait UIInterfaceOrientationPortraitUpsideDown UIInterfaceOrientationLandscapeLeft UIInterfaceOrientationLandscapeRight";
				INFOPLIST_KEY_UISupportedInterfaceOrientations_iPhone = "UIInterfaceOrientationPortrait UIInterfaceOrientationLandscapeLeft UIInterfaceOrientationLandscapeRight";
				LD_RUNPATH_SEARCH_PATHS = (
					"$(inherited)",
					"@executable_path/Frameworks",
				);
				MARKETING_VERSION = 1.0;
				PRODUCT_BUNDLE_IDENTIFIER = br.com.AluraViagens;
				PRODUCT_NAME = "$(TARGET_NAME)";
				SWIFT_EMIT_LOC_STRINGS = YES;
				SWIFT_VERSION = 5.0;
				TARGETED_DEVICE_FAMILY = "1,2";
			};
			name = Release;
		};
/* End XCBuildConfiguration section */

/* Begin XCConfigurationList section */
		BAAE28292A82048D009067C8 /* Build configuration list for PBXProject "AluraViagens" */ = {
			isa = XCConfigurationList;
			buildConfigurations = (
				BAAE28402A82048E009067C8 /* Debug */,
				BAAE28412A82048E009067C8 /* Release */,
			);
			defaultConfigurationIsVisible = 0;
			defaultConfigurationName = Release;
		};
		BAAE28422A82048E009067C8 /* Build configuration list for PBXNativeTarget "AluraViagens" */ = {
			isa = XCConfigurationList;
			buildConfigurations = (
				BAAE28432A82048E009067C8 /* Debug */,
				BAAE28442A82048E009067C8 /* Release */,
			);
			defaultConfigurationIsVisible = 0;
			defaultConfigurationName = Release;
		};
/* End XCConfigurationList section */
	};
	rootObject = BAAE28262A82048D009067C8 /* Project object */;
}
